FORGE
  remote: https://forgeapi.puppetlabs.com
  specs:
    adrien-alternatives (0.3.0)
    ajcrowe-supervisord (0.5.2)
      puppetlabs-concat (< 2.0.0, >= 1.0.0)
      puppetlabs-stdlib (>= 4.4.0)
    camptocamp-openssl (1.3.9)
      puppetlabs-stdlib (< 5.0.0, >= 2.0.0)
    counsyl-packer (0.9.14)
      counsyl-sys (>= 0.9.12)
    counsyl-sys (0.9.17)
      puppetlabs-stdlib (>= 4.1.0)
    dhoppe-screen (1.0.3)
      puppetlabs-stdlib (< 5.0.0, >= 3.2.0)
    garethr-docker (4.1.1)
      puppetlabs-apt (<= 3.0.0, >= 1.1.0)
      puppetlabs-stdlib (>= 4.1.0)
      stahnma-epel (>= 0.0.6)
    garethr-erlang (0.3.0)
      puppetlabs-apt (>= 0)
      puppetlabs-stdlib (>= 0)
      stahnma-epel (>= 0)
    ghoneycutt-common (1.3.0)
      puppetlabs-stdlib (< 6.0.0, >= 4.6.0)
    ghoneycutt-facter (2.1.0)
      puppetlabs-stdlib (>= 3.2.0)
    ghoneycutt-nsswitch (1.2.1)
      puppetlabs-stdlib (< 5.0.0, >= 3.2.0)
    ghoneycutt-pam (2.19.0)
      ghoneycutt-common (< 2.0.0, >= 1.0.2)
      ghoneycutt-nsswitch (< 2.0.0, >= 1.1.0)
      puppetlabs-stdlib (< 5.0.0, >= 3.2.0)
    ilanco-s3cmd (0.2.1)
    jamtur01-httpauth (0.0.3)
    jfryman-nginx (0.2.7)
      puppetlabs-apt (< 3.0.0, >= 1.8.0)
      puppetlabs-concat (< 2.0.0, >= 1.1.1)
      puppetlabs-stdlib (< 5.0.0, >= 4.2.0)
    jfryman-tiller (0.1.0)
      puppetlabs-stdlib (>= 1.0.0)
    maestrodev-git (1.0.6)
    nanliu-staging (1.0.2)
    pcfens-ca_cert (1.1.1)
      puppetlabs-stdlib (< 5.0.0, >= 3.0.0)
    puppetlabs-apt (1.8.0)
      puppetlabs-stdlib (>= 2.2.1)
    puppetlabs-concat (1.2.2)
      puppetlabs-stdlib (< 5.0.0, >= 3.2.0)
    puppetlabs-gcc (0.2.0)
    puppetlabs-inifile (1.2.0)
    puppetlabs-mongodb (0.11.0)
      puppetlabs-apt (< 3.0.0, >= 1.0.0)
      puppetlabs-stdlib (< 5.0.0, >= 2.2.0)
    puppetlabs-nodejs (0.8.0)
      puppetlabs-stdlib (< 5.0.0, >= 2.2.1)
    puppetlabs-ntp (4.0.0)
      puppetlabs-stdlib (< 5.0.0, >= 4.6.0)
    puppetlabs-postgresql (4.5.0)
      puppetlabs-apt (< 3.0.0, >= 1.8.0)
      puppetlabs-concat (< 2.0.0, >= 1.1.0)
      puppetlabs-stdlib (~> 4.0)
    puppetlabs-rabbitmq (4.1.0)
      nanliu-staging (>= 0.3.1)
      puppetlabs-apt (>= 1.0.0)
      puppetlabs-stdlib (>= 2.0.0)
    puppetlabs-ruby (0.4.0)
      puppetlabs-stdlib (< 5.0.0, >= 3.2.0)
    puppetlabs-stdlib (4.6.0)
    puppetlabs-vcsrepo (1.2.0)
    rodjek-logrotate (1.1.1)
    saz-rsyslog (3.5.1)
    saz-sudo (3.0.9)
      puppetlabs-stdlib (>= 2.3.0)
    stackstorm-st2 (0.10.1)
      garethr-erlang (>= 0.3.0)
      jamtur01-httpauth (>= 0.0.3)
      jfryman-tiller (>= 0.1.0)
      maestrodev-git (>= 1.0.6)
      maestrodev-wget (>= 1.5.6)
      nanliu-staging (>= 1.0.2)
      puppetlabs-apt (>= 1.7.0)
      puppetlabs-gcc (>= 0.2.0)
      puppetlabs-inifile (>= 1.2.0)
      puppetlabs-mongodb (>= 0.11.0)
      puppetlabs-postgresql (>= 4.4.2)
      puppetlabs-rabbitmq (>= 4.1.0)
      puppetlabs-stdlib (>= 4.6.0)
      puppetlabs-vcsrepo (>= 1.2.0)
      saz-sudo (>= 3.0.9)
      stahnma-epel (>= 1.1.0)
      stankevich-python (>= 1.7.15)
    stahnma-epel (1.1.1)
    stankevich-python (1.7.15)
      puppetlabs-stdlib (>= 4.0.0)
    treydock-gpg_key (0.0.3)

GIT
  remote: https://github.com/jfryman/evenup-hubot
  ref: fix-node-declaration
  sha: b07c5af39d9b91dc0ac043abcab95cfcb2ddce4c
  specs:
    jfryman-hubot (0.2.0)
      puppetlabs-nodejs (< 1.0.0, >= 0.7.0)
      puppetlabs-stdlib (< 5.0.0, >= 3.2.0)

GIT
  remote: https://github.com/jfryman/puppet-uwsgi
  ref: toggle-package-install
  sha: 112c5defce3508c04900c990e03134416da748ec
  specs:
    jfryman-uwsgi (1.3.0)
      puppetlabs-stdlib (>= 3.2.0)

GIT
  remote: https://github.com/maestrodev/puppet-wget
  ref: master
  sha: 68e25654e845e8040f79d2b80aa2b719ed7228f6
  specs:
    maestrodev-wget (1.7.2)

DEPENDENCIES
  adrien-alternatives (= 0.3.0)
  ajcrowe-supervisord (= 0.5.2)
  camptocamp-openssl (= 1.3.9)
  counsyl-packer (= 0.9.14)
  counsyl-sys (= 0.9.17)
  dhoppe-screen (= 1.0.3)
  garethr-docker (= 4.1.1)
  ghoneycutt-common (= 1.3.0)
  ghoneycutt-facter (= 2.1.0)
  ghoneycutt-nsswitch (= 1.2.1)
  ghoneycutt-pam (= 2.19.0)
  ilanco-s3cmd (= 0.2.1)
  jamtur01-httpauth (= 0.0.3)
  jfryman-hubot (>= 0)
  jfryman-nginx (= 0.2.7)
  jfryman-tiller (= 0.1.0)
  jfryman-uwsgi (>= 0)
  maestrodev-git (= 1.0.6)
  maestrodev-wget (>= 0)
  nanliu-staging (= 1.0.2)
  pcfens-ca_cert (= 1.1.1)
  puppetlabs-apt (= 1.8.0)
  puppetlabs-concat (= 1.2.2)
  puppetlabs-gcc (= 0.2.0)
  puppetlabs-inifile (= 1.2.0)
  puppetlabs-mongodb (= 0.11.0)
  puppetlabs-nodejs (= 0.8.0)
  puppetlabs-ntp (= 4.0.0)
  puppetlabs-postgresql (= 4.5.0)
  puppetlabs-rabbitmq (= 4.1.0)
  puppetlabs-ruby (= 0.4.0)
  puppetlabs-stdlib (= 4.6.0)
  puppetlabs-vcsrepo (= 1.2.0)
  rodjek-logrotate (= 1.1.1)
  saz-rsyslog (= 3.5.1)
  saz-sudo (= 3.0.9)
  stackstorm-st2 (= 0.10.1)
  stankevich-python (= 1.7.15)
  treydock-gpg_key (= 0.0.3)

